// !$*UTF8*$!
{
	archiveVersion = 1;
	classes = {
	};
	objectVersion = 42;
	objects = {

/* Begin PBXBuildFile section */
		D22A7B8C09F426AB00FC9B21 /* q_shared.c in Sources */ = {isa = PBXBuildFile; fileRef = D22A7B8A09F426AB00FC9B21 /* q_shared.c */; };
		D22A7B9209F426C900FC9B21 /* p_client.c in Sources */ = {isa = PBXBuildFile; fileRef = D22A7B8D09F426C900FC9B21 /* p_client.c */; };
		D22A7B9309F426C900FC9B21 /* p_hud.c in Sources */ = {isa = PBXBuildFile; fileRef = D22A7B8E09F426C900FC9B21 /* p_hud.c */; };
		D22A7B9409F426C900FC9B21 /* p_trail.c in Sources */ = {isa = PBXBuildFile; fileRef = D22A7B8F09F426C900FC9B21 /* p_trail.c */; };
		D22A7B9509F426C900FC9B21 /* p_view.c in Sources */ = {isa = PBXBuildFile; fileRef = D22A7B9009F426C900FC9B21 /* p_view.c */; };
		D22A7B9609F426C900FC9B21 /* p_weapon.c in Sources */ = {isa = PBXBuildFile; fileRef = D22A7B9109F426C900FC9B21 /* p_weapon.c */; };
		D22A7B9C09F426E700FC9B21 /* m_move.c in Sources */ = {isa = PBXBuildFile; fileRef = D22A7B9A09F426E700FC9B21 /* m_move.c */; };
		D22A7BB409F4272600FC9B21 /* g_ai.c in Sources */ = {isa = PBXBuildFile; fileRef = D22A7BA009F4272600FC9B21 /* g_ai.c */; };
		D22A7BB509F4272600FC9B21 /* g_chase.c in Sources */ = {isa = PBXBuildFile; fileRef = D22A7BA109F4272600FC9B21 /* g_chase.c */; };
		D22A7BB609F4272600FC9B21 /* g_cmds.c in Sources */ = {isa = PBXBuildFile; fileRef = D22A7BA209F4272600FC9B21 /* g_cmds.c */; };
		D22A7BB709F4272600FC9B21 /* g_combat.c in Sources */ = {isa = PBXBuildFile; fileRef = D22A7BA309F4272600FC9B21 /* g_combat.c */; };
		D22A7BB809F4272600FC9B21 /* g_func.c in Sources */ = {isa = PBXBuildFile; fileRef = D22A7BA409F4272600FC9B21 /* g_func.c */; };
		D22A7BB909F4272600FC9B21 /* g_items.c in Sources */ = {isa = PBXBuildFile; fileRef = D22A7BA509F4272600FC9B21 /* g_items.c */; };
		D22A7BBA09F4272600FC9B21 /* g_main.c in Sources */ = {isa = PBXBuildFile; fileRef = D22A7BA709F4272600FC9B21 /* g_main.c */; };
		D22A7BBB09F4272600FC9B21 /* g_misc.c in Sources */ = {isa = PBXBuildFile; fileRef = D22A7BA809F4272600FC9B21 /* g_misc.c */; };
		D22A7BBC09F4272600FC9B21 /* g_monster.c in Sources */ = {isa = PBXBuildFile; fileRef = D22A7BA909F4272600FC9B21 /* g_monster.c */; };
		D22A7BBD09F4272600FC9B21 /* g_phys.c in Sources */ = {isa = PBXBuildFile; fileRef = D22A7BAA09F4272600FC9B21 /* g_phys.c */; };
		D22A7BBE09F4272600FC9B21 /* g_save.c in Sources */ = {isa = PBXBuildFile; fileRef = D22A7BAB09F4272600FC9B21 /* g_save.c */; };
		D22A7BBF09F4272600FC9B21 /* g_spawn.c in Sources */ = {isa = PBXBuildFile; fileRef = D22A7BAC09F4272600FC9B21 /* g_spawn.c */; };
		D22A7BC009F4272600FC9B21 /* g_svcmds.c in Sources */ = {isa = PBXBuildFile; fileRef = D22A7BAD09F4272600FC9B21 /* g_svcmds.c */; };
		D22A7BC109F4272600FC9B21 /* g_target.c in Sources */ = {isa = PBXBuildFile; fileRef = D22A7BAE09F4272600FC9B21 /* g_target.c */; };
		D22A7BC209F4272600FC9B21 /* g_trigger.c in Sources */ = {isa = PBXBuildFile; fileRef = D22A7BAF09F4272600FC9B21 /* g_trigger.c */; };
		D22A7BC309F4272600FC9B21 /* g_turret.c in Sources */ = {isa = PBXBuildFile; fileRef = D22A7BB009F4272600FC9B21 /* g_turret.c */; };
		D22A7BC409F4272600FC9B21 /* g_utils.c in Sources */ = {isa = PBXBuildFile; fileRef = D22A7BB109F4272600FC9B21 /* g_utils.c */; };
		D22A7BC509F4272600FC9B21 /* g_weapon.c in Sources */ = {isa = PBXBuildFile; fileRef = D22A7BB209F4272600FC9B21 /* g_weapon.c */; };
		D22A7BC909F4274C00FC9B21 /* cgf_sfx_glass.c in Sources */ = {isa = PBXBuildFile; fileRef = D22A7BC709F4274C00FC9B21 /* cgf_sfx_glass.c */; };
		D22A7BD609F4277700FC9B21 /* a_cmds.c in Sources */ = {isa = PBXBuildFile; fileRef = D22A7BCB09F4277700FC9B21 /* a_cmds.c */; };
		D22A7BD709F4277700FC9B21 /* a_doorkick.c in Sources */ = {isa = PBXBuildFile; fileRef = D22A7BCC09F4277700FC9B21 /* a_doorkick.c */; };
		D22A7BD809F4277700FC9B21 /* a_game.c in Sources */ = {isa = PBXBuildFile; fileRef = D22A7BCD09F4277700FC9B21 /* a_game.c */; };
		D22A7BD909F4277700FC9B21 /* a_items.c in Sources */ = {isa = PBXBuildFile; fileRef = D22A7BCF09F4277700FC9B21 /* a_items.c */; };
		D22A7BDA09F4277700FC9B21 /* a_menu.c in Sources */ = {isa = PBXBuildFile; fileRef = D22A7BD009F4277700FC9B21 /* a_menu.c */; };
		D22A7BDB09F4277700FC9B21 /* a_radio.c in Sources */ = {isa = PBXBuildFile; fileRef = D22A7BD209F4277700FC9B21 /* a_radio.c */; };
		D22A7BDC09F4277700FC9B21 /* a_team.c in Sources */ = {isa = PBXBuildFile; fileRef = D22A7BD409F4277700FC9B21 /* a_team.c */; };
/* End PBXBuildFile section */

/* Begin PBXBuildStyle section */
		014CEA420018CDE011CA2923 /* Debug */ = {
			isa = PBXBuildStyle;
			buildSettings = {
			};
			name = Debug;
		};
		014CEA430018CDE011CA2923 /* Release */ = {
			isa = PBXBuildStyle;
			buildSettings = {
			};
			name = Release;
		};
/* End PBXBuildStyle section */

/* Begin PBXFileReference section */
		8D5B49B6048680CD000E48DA /* GameMac.q2plug */ = {isa = PBXFileReference; explicitFileType = wrapper.cfbundle; includeInIndex = 0; path = GameMac.q2plug; sourceTree = BUILT_PRODUCTS_DIR; };
		8D5B49B7048680CD000E48DA /* Info.plist */ = {isa = PBXFileReference; fileEncoding = 4; lastKnownFileType = text.xml; path = Info.plist; sourceTree = "<group>"; };
		D22A7B8A09F426AB00FC9B21 /* q_shared.c */ = {isa = PBXFileReference; fileEncoding = 30; lastKnownFileType = sourcecode.c.c; name = q_shared.c; path = ../q_shared.c; sourceTree = SOURCE_ROOT; };
		D22A7B8B09F426AB00FC9B21 /* q_shared.h */ = {isa = PBXFileReference; fileEncoding = 30; lastKnownFileType = sourcecode.c.h; name = q_shared.h; path = ../q_shared.h; sourceTree = SOURCE_ROOT; };
		D22A7B8D09F426C900FC9B21 /* p_client.c */ = {isa = PBXFileReference; fileEncoding = 30; lastKnownFileType = sourcecode.c.c; name = p_client.c; path = ../p_client.c; sourceTree = SOURCE_ROOT; };
		D22A7B8E09F426C900FC9B21 /* p_hud.c */ = {isa = PBXFileReference; fileEncoding = 30; lastKnownFileType = sourcecode.c.c; name = p_hud.c; path = ../p_hud.c; sourceTree = SOURCE_ROOT; };
		D22A7B8F09F426C900FC9B21 /* p_trail.c */ = {isa = PBXFileReference; fileEncoding = 30; lastKnownFileType = sourcecode.c.c; name = p_trail.c; path = ../p_trail.c; sourceTree = SOURCE_ROOT; };
		D22A7B9009F426C900FC9B21 /* p_view.c */ = {isa = PBXFileReference; fileEncoding = 30; lastKnownFileType = sourcecode.c.c; name = p_view.c; path = ../p_view.c; sourceTree = SOURCE_ROOT; };
		D22A7B9109F426C900FC9B21 /* p_weapon.c */ = {isa = PBXFileReference; fileEncoding = 30; lastKnownFileType = sourcecode.c.c; name = p_weapon.c; path = ../p_weapon.c; sourceTree = SOURCE_ROOT; };
		D22A7B9A09F426E700FC9B21 /* m_move.c */ = {isa = PBXFileReference; fileEncoding = 30; lastKnownFileType = sourcecode.c.c; name = m_move.c; path = ../m_move.c; sourceTree = SOURCE_ROOT; };
		D22A7B9B09F426E700FC9B21 /* m_player.h */ = {isa = PBXFileReference; fileEncoding = 30; lastKnownFileType = sourcecode.c.h; name = m_player.h; path = ../m_player.h; sourceTree = SOURCE_ROOT; };
		D22A7BA009F4272600FC9B21 /* g_ai.c */ = {isa = PBXFileReference; fileEncoding = 30; lastKnownFileType = sourcecode.c.c; name = g_ai.c; path = ../g_ai.c; sourceTree = SOURCE_ROOT; };
		D22A7BA109F4272600FC9B21 /* g_chase.c */ = {isa = PBXFileReference; fileEncoding = 30; lastKnownFileType = sourcecode.c.c; name = g_chase.c; path = ../g_chase.c; sourceTree = SOURCE_ROOT; };
		D22A7BA209F4272600FC9B21 /* g_cmds.c */ = {isa = PBXFileReference; fileEncoding = 30; lastKnownFileType = sourcecode.c.c; name = g_cmds.c; path = ../g_cmds.c; sourceTree = SOURCE_ROOT; };
		D22A7BA309F4272600FC9B21 /* g_combat.c */ = {isa = PBXFileReference; fileEncoding = 30; lastKnownFileType = sourcecode.c.c; name = g_combat.c; path = ../g_combat.c; sourceTree = SOURCE_ROOT; };
		D22A7BA409F4272600FC9B21 /* g_func.c */ = {isa = PBXFileReference; fileEncoding = 30; lastKnownFileType = sourcecode.c.c; name = g_func.c; path = ../g_func.c; sourceTree = SOURCE_ROOT; };
		D22A7BA509F4272600FC9B21 /* g_items.c */ = {isa = PBXFileReference; fileEncoding = 30; lastKnownFileType = sourcecode.c.c; name = g_items.c; path = ../g_items.c; sourceTree = SOURCE_ROOT; };
		D22A7BA609F4272600FC9B21 /* g_local.h */ = {isa = PBXFileReference; fileEncoding = 30; lastKnownFileType = sourcecode.c.h; name = g_local.h; path = ../g_local.h; sourceTree = SOURCE_ROOT; };
		D22A7BA709F4272600FC9B21 /* g_main.c */ = {isa = PBXFileReference; fileEncoding = 30; lastKnownFileType = sourcecode.c.c; name = g_main.c; path = ../g_main.c; sourceTree = SOURCE_ROOT; };
		D22A7BA809F4272600FC9B21 /* g_misc.c */ = {isa = PBXFileReference; fileEncoding = 30; lastKnownFileType = sourcecode.c.c; name = g_misc.c; path = ../g_misc.c; sourceTree = SOURCE_ROOT; };
		D22A7BA909F4272600FC9B21 /* g_monster.c */ = {isa = PBXFileReference; fileEncoding = 30; lastKnownFileType = sourcecode.c.c; name = g_monster.c; path = ../g_monster.c; sourceTree = SOURCE_ROOT; };
		D22A7BAA09F4272600FC9B21 /* g_phys.c */ = {isa = PBXFileReference; fileEncoding = 30; lastKnownFileType = sourcecode.c.c; name = g_phys.c; path = ../g_phys.c; sourceTree = SOURCE_ROOT; };
		D22A7BAB09F4272600FC9B21 /* g_save.c */ = {isa = PBXFileReference; fileEncoding = 30; lastKnownFileType = sourcecode.c.c; name = g_save.c; path = ../g_save.c; sourceTree = SOURCE_ROOT; };
		D22A7BAC09F4272600FC9B21 /* g_spawn.c */ = {isa = PBXFileReference; fileEncoding = 30; lastKnownFileType = sourcecode.c.c; name = g_spawn.c; path = ../g_spawn.c; sourceTree = SOURCE_ROOT; };
		D22A7BAD09F4272600FC9B21 /* g_svcmds.c */ = {isa = PBXFileReference; fileEncoding = 30; lastKnownFileType = sourcecode.c.c; name = g_svcmds.c; path = ../g_svcmds.c; sourceTree = SOURCE_ROOT; };
		D22A7BAE09F4272600FC9B21 /* g_target.c */ = {isa = PBXFileReference; fileEncoding = 30; lastKnownFileType = sourcecode.c.c; name = g_target.c; path = ../g_target.c; sourceTree = SOURCE_ROOT; };
		D22A7BAF09F4272600FC9B21 /* g_trigger.c */ = {isa = PBXFileReference; fileEncoding = 30; lastKnownFileType = sourcecode.c.c; name = g_trigger.c; path = ../g_trigger.c; sourceTree = SOURCE_ROOT; };
		D22A7BB009F4272600FC9B21 /* g_turret.c */ = {isa = PBXFileReference; fileEncoding = 30; lastKnownFileType = sourcecode.c.c; name = g_turret.c; path = ../g_turret.c; sourceTree = SOURCE_ROOT; };
		D22A7BB109F4272600FC9B21 /* g_utils.c */ = {isa = PBXFileReference; fileEncoding = 30; lastKnownFileType = sourcecode.c.c; name = g_utils.c; path = ../g_utils.c; sourceTree = SOURCE_ROOT; };
		D22A7BB209F4272600FC9B21 /* g_weapon.c */ = {isa = PBXFileReference; fileEncoding = 30; lastKnownFileType = sourcecode.c.c; name = g_weapon.c; path = ../g_weapon.c; sourceTree = SOURCE_ROOT; };
		D22A7BB309F4272600FC9B21 /* game.h */ = {isa = PBXFileReference; fileEncoding = 30; lastKnownFileType = sourcecode.c.h; name = game.h; path = ../game.h; sourceTree = SOURCE_ROOT; };
		D22A7BC709F4274C00FC9B21 /* cgf_sfx_glass.c */ = {isa = PBXFileReference; fileEncoding = 30; lastKnownFileType = sourcecode.c.c; name = cgf_sfx_glass.c; path = ../cgf_sfx_glass.c; sourceTree = SOURCE_ROOT; };
		D22A7BC809F4274C00FC9B21 /* cgf_sfx_glass.h */ = {isa = PBXFileReference; fileEncoding = 30; lastKnownFileType = sourcecode.c.h; name = cgf_sfx_glass.h; path = ../cgf_sfx_glass.h; sourceTree = SOURCE_ROOT; };
		D22A7BCB09F4277700FC9B21 /* a_cmds.c */ = {isa = PBXFileReference; fileEncoding = 30; lastKnownFileType = sourcecode.c.c; name = a_cmds.c; path = ../a_cmds.c; sourceTree = SOURCE_ROOT; };
		D22A7BCC09F4277700FC9B21 /* a_doorkick.c */ = {isa = PBXFileReference; fileEncoding = 30; lastKnownFileType = sourcecode.c.c; name = a_doorkick.c; path = ../a_doorkick.c; sourceTree = SOURCE_ROOT; };
		D22A7BCD09F4277700FC9B21 /* a_game.c */ = {isa = PBXFileReference; fileEncoding = 30; lastKnownFileType = sourcecode.c.c; name = a_game.c; path = ../a_game.c; sourceTree = SOURCE_ROOT; };
		D22A7BCE09F4277700FC9B21 /* a_game.h */ = {isa = PBXFileReference; fileEncoding = 30; lastKnownFileType = sourcecode.c.h; name = a_game.h; path = ../a_game.h; sourceTree = SOURCE_ROOT; };
		D22A7BCF09F4277700FC9B21 /* a_items.c */ = {isa = PBXFileReference; fileEncoding = 30; lastKnownFileType = sourcecode.c.c; name = a_items.c; path = ../a_items.c; sourceTree = SOURCE_ROOT; };
		D22A7BD009F4277700FC9B21 /* a_menu.c */ = {isa = PBXFileReference; fileEncoding = 30; lastKnownFileType = sourcecode.c.c; name = a_menu.c; path = ../a_menu.c; sourceTree = SOURCE_ROOT; };
		D22A7BD109F4277700FC9B21 /* a_menu.h */ = {isa = PBXFileReference; fileEncoding = 30; lastKnownFileType = sourcecode.c.h; name = a_menu.h; path = ../a_menu.h; sourceTree = SOURCE_ROOT; };
		D22A7BD209F4277700FC9B21 /* a_radio.c */ = {isa = PBXFileReference; fileEncoding = 30; lastKnownFileType = sourcecode.c.c; name = a_radio.c; path = ../a_radio.c; sourceTree = SOURCE_ROOT; };
		D22A7BD309F4277700FC9B21 /* a_radio.h */ = {isa = PBXFileReference; fileEncoding = 30; lastKnownFileType = sourcecode.c.h; name = a_radio.h; path = ../a_radio.h; sourceTree = SOURCE_ROOT; };
		D22A7BD409F4277700FC9B21 /* a_team.c */ = {isa = PBXFileReference; fileEncoding = 30; lastKnownFileType = sourcecode.c.c; name = a_team.c; path = ../a_team.c; sourceTree = SOURCE_ROOT; };
		D22A7BD509F4277700FC9B21 /* a_team.h */ = {isa = PBXFileReference; fileEncoding = 30; lastKnownFileType = sourcecode.c.h; name = a_team.h; path = ../a_team.h; sourceTree = SOURCE_ROOT; };
/* End PBXFileReference section */

/* Begin PBXFrameworksBuildPhase section */
		8D5B49B3048680CD000E48DA /* Frameworks */ = {
			isa = PBXFrameworksBuildPhase;
			buildActionMask = 2147483647;
			files = (
			);
			runOnlyForDeploymentPostprocessing = 0;
		};
/* End PBXFrameworksBuildPhase section */

/* Begin PBXGroup section */
		089C166AFE841209C02AAC07 /* ActionQuake2 */ = {
			isa = PBXGroup;
			children = (
				08FB77AFFE84173DC02AAC07 /* Sourcecode */,
				089C167CFE841241C02AAC07 /* Resources */,
				19C28FB8FE9D52D311CA2CBB /* Products */,
			);
			name = ActionQuake2;
			sourceTree = "<group>";
		};
		089C167CFE841241C02AAC07 /* Resources */ = {
			isa = PBXGroup;
			children = (
				8D5B49B7048680CD000E48DA /* Info.plist */,
			);
			name = Resources;
			sourceTree = "<group>";
		};
		08FB77AFFE84173DC02AAC07 /* Sourcecode */ = {
			isa = PBXGroup;
			children = (
				D22A7B8809F4268E00FC9B21 /* Action */,
				D22A7B8709F4268700FC9B21 /* CGF */,
				D22A7B8609F4268300FC9B21 /* Game */,
				D22A7B8509F4267E00FC9B21 /* Monster */,
				D22A7B8409F4267900FC9B21 /* Player */,
				D22A7B8309F4267400FC9B21 /* Shared */,
			);
			name = Sourcecode;
			sourceTree = "<group>";
		};
		19C28FB8FE9D52D311CA2CBB /* Products */ = {
			isa = PBXGroup;
			children = (
				8D5B49B6048680CD000E48DA /* GameMac.q2plug */,
			);
			name = Products;
			sourceTree = "<group>";
		};
		D22A7B8309F4267400FC9B21 /* Shared */ = {
			isa = PBXGroup;
			children = (
				D22A7B8909F4269900FC9B21 /* Headers */,
				D22A7B8A09F426AB00FC9B21 /* q_shared.c */,
			);
			name = Shared;
			sourceTree = "<group>";
		};
		D22A7B8409F4267900FC9B21 /* Player */ = {
			isa = PBXGroup;
			children = (
				D22A7B8D09F426C900FC9B21 /* p_client.c */,
				D22A7B8E09F426C900FC9B21 /* p_hud.c */,
				D22A7B8F09F426C900FC9B21 /* p_trail.c */,
				D22A7B9009F426C900FC9B21 /* p_view.c */,
				D22A7B9109F426C900FC9B21 /* p_weapon.c */,
			);
			name = Player;
			sourceTree = "<group>";
		};
		D22A7B8509F4267E00FC9B21 /* Monster */ = {
			isa = PBXGroup;
			children = (
				D22A7B9709F426D400FC9B21 /* Headers */,
				D22A7B9A09F426E700FC9B21 /* m_move.c */,
			);
			name = Monster;
			sourceTree = "<group>";
		};
		D22A7B8609F4268300FC9B21 /* Game */ = {
			isa = PBXGroup;
			children = (
				D22A7B9D09F426F900FC9B21 /* Headers */,
				D22A7BA009F4272600FC9B21 /* g_ai.c */,
				D22A7BA109F4272600FC9B21 /* g_chase.c */,
				D22A7BA209F4272600FC9B21 /* g_cmds.c */,
				D22A7BA309F4272600FC9B21 /* g_combat.c */,
				D22A7BA409F4272600FC9B21 /* g_func.c */,
				D22A7BA509F4272600FC9B21 /* g_items.c */,
				D22A7BA709F4272600FC9B21 /* g_main.c */,
				D22A7BA809F4272600FC9B21 /* g_misc.c */,
				D22A7BA909F4272600FC9B21 /* g_monster.c */,
				D22A7BAA09F4272600FC9B21 /* g_phys.c */,
				D22A7BAB09F4272600FC9B21 /* g_save.c */,
				D22A7BAC09F4272600FC9B21 /* g_spawn.c */,
				D22A7BAD09F4272600FC9B21 /* g_svcmds.c */,
				D22A7BAE09F4272600FC9B21 /* g_target.c */,
				D22A7BAF09F4272600FC9B21 /* g_trigger.c */,
				D22A7BB009F4272600FC9B21 /* g_turret.c */,
				D22A7BB109F4272600FC9B21 /* g_utils.c */,
				D22A7BB209F4272600FC9B21 /* g_weapon.c */,
			);
			name = Game;
			sourceTree = "<group>";
		};
		D22A7B8709F4268700FC9B21 /* CGF */ = {
			isa = PBXGroup;
			children = (
				D22A7BC609F4273C00FC9B21 /* Headers */,
				D22A7BC709F4274C00FC9B21 /* cgf_sfx_glass.c */,
			);
			name = CGF;
			sourceTree = "<group>";
		};
		D22A7B8809F4268E00FC9B21 /* Action */ = {
			isa = PBXGroup;
			children = (
				D22A7BCA09F4275C00FC9B21 /* Headers */,
				D22A7BCB09F4277700FC9B21 /* a_cmds.c */,
				D22A7BCC09F4277700FC9B21 /* a_doorkick.c */,
				D22A7BCD09F4277700FC9B21 /* a_game.c */,
				D22A7BCF09F4277700FC9B21 /* a_items.c */,
				D22A7BD009F4277700FC9B21 /* a_menu.c */,
				D22A7BD209F4277700FC9B21 /* a_radio.c */,
				D22A7BD409F4277700FC9B21 /* a_team.c */,
			);
			name = Action;
			sourceTree = "<group>";
		};
		D22A7B8909F4269900FC9B21 /* Headers */ = {
			isa = PBXGroup;
			children = (
				D22A7B8B09F426AB00FC9B21 /* q_shared.h */,
			);
			name = Headers;
			sourceTree = "<group>";
		};
		D22A7B9709F426D400FC9B21 /* Headers */ = {
			isa = PBXGroup;
			children = (
				D22A7B9B09F426E700FC9B21 /* m_player.h */,
			);
			name = Headers;
			sourceTree = "<group>";
		};
		D22A7B9D09F426F900FC9B21 /* Headers */ = {
			isa = PBXGroup;
			children = (
				D22A7BA609F4272600FC9B21 /* g_local.h */,
				D22A7BB309F4272600FC9B21 /* game.h */,
			);
			name = Headers;
			sourceTree = "<group>";
		};
		D22A7BC609F4273C00FC9B21 /* Headers */ = {
			isa = PBXGroup;
			children = (
				D22A7BC809F4274C00FC9B21 /* cgf_sfx_glass.h */,
			);
			name = Headers;
			sourceTree = "<group>";
		};
		D22A7BCA09F4275C00FC9B21 /* Headers */ = {
			isa = PBXGroup;
			children = (
				D22A7BCE09F4277700FC9B21 /* a_game.h */,
				D22A7BD109F4277700FC9B21 /* a_menu.h */,
				D22A7BD309F4277700FC9B21 /* a_radio.h */,
				D22A7BD509F4277700FC9B21 /* a_team.h */,
			);
			name = Headers;
			sourceTree = "<group>";
		};
/* End PBXGroup section */

/* Begin PBXNativeTarget section */
		8D5B49AC048680CD000E48DA /* ActionQuake2 */ = {
			isa = PBXNativeTarget;
			buildConfigurationList = 1DEB913A08733D840010E9CD /* Build configuration list for PBXNativeTarget "ActionQuake2" */;
			buildPhases = (
				8D5B49AF048680CD000E48DA /* Resources */,
				8D5B49B1048680CD000E48DA /* Sources */,
				8D5B49B3048680CD000E48DA /* Frameworks */,
			);
			buildRules = (
			);
			buildSettings = {
			};
			dependencies = (
			);
			name = ActionQuake2;
			productInstallPath = "$(HOME)/Library/Bundles";
			productName = ActionQuake2;
			productReference = 8D5B49B6048680CD000E48DA /* GameMac.q2plug */;
			productType = "com.apple.product-type.bundle";
		};
/* End PBXNativeTarget section */

/* Begin PBXProject section */
		089C1669FE841209C02AAC07 /* Project object */ = {
			isa = PBXProject;
			buildConfigurationList = 1DEB913E08733D840010E9CD /* Build configuration list for PBXProject "ActionQuake2" */;
			buildSettings = {
			};
			buildStyles = (
				014CEA420018CDE011CA2923 /* Debug */,
				014CEA430018CDE011CA2923 /* Release */,
			);
			hasScannedForEncodings = 1;
			mainGroup = 089C166AFE841209C02AAC07 /* ActionQuake2 */;
			projectDirPath = "";
			targets = (
				8D5B49AC048680CD000E48DA /* ActionQuake2 */,
			);
		};
/* End PBXProject section */

/* Begin PBXResourcesBuildPhase section */
		8D5B49AF048680CD000E48DA /* Resources */ = {
			isa = PBXResourcesBuildPhase;
			buildActionMask = 2147483647;
			files = (
			);
			runOnlyForDeploymentPostprocessing = 0;
		};
/* End PBXResourcesBuildPhase section */

/* Begin PBXSourcesBuildPhase section */
		8D5B49B1048680CD000E48DA /* Sources */ = {
			isa = PBXSourcesBuildPhase;
			buildActionMask = 2147483647;
			files = (
				D22A7BD609F4277700FC9B21 /* a_cmds.c in Sources */,
				D22A7BD709F4277700FC9B21 /* a_doorkick.c in Sources */,
				D22A7BD809F4277700FC9B21 /* a_game.c in Sources */,
				D22A7BD909F4277700FC9B21 /* a_items.c in Sources */,
				D22A7BDA09F4277700FC9B21 /* a_menu.c in Sources */,
				D22A7BDB09F4277700FC9B21 /* a_radio.c in Sources */,
				D22A7BDC09F4277700FC9B21 /* a_team.c in Sources */,
				D22A7BC909F4274C00FC9B21 /* cgf_sfx_glass.c in Sources */,
				D22A7BB409F4272600FC9B21 /* g_ai.c in Sources */,
				D22A7BB509F4272600FC9B21 /* g_chase.c in Sources */,
				D22A7BB609F4272600FC9B21 /* g_cmds.c in Sources */,
				D22A7BB709F4272600FC9B21 /* g_combat.c in Sources */,
				D22A7BB809F4272600FC9B21 /* g_func.c in Sources */,
				D22A7BB909F4272600FC9B21 /* g_items.c in Sources */,
				D22A7BBA09F4272600FC9B21 /* g_main.c in Sources */,
				D22A7BBB09F4272600FC9B21 /* g_misc.c in Sources */,
				D22A7BBC09F4272600FC9B21 /* g_monster.c in Sources */,
				D22A7BBD09F4272600FC9B21 /* g_phys.c in Sources */,
				D22A7BBE09F4272600FC9B21 /* g_save.c in Sources */,
				D22A7BBF09F4272600FC9B21 /* g_spawn.c in Sources */,
				D22A7BC009F4272600FC9B21 /* g_svcmds.c in Sources */,
				D22A7BC109F4272600FC9B21 /* g_target.c in Sources */,
				D22A7BC209F4272600FC9B21 /* g_trigger.c in Sources */,
				D22A7BC309F4272600FC9B21 /* g_turret.c in Sources */,
				D22A7BC409F4272600FC9B21 /* g_utils.c in Sources */,
				D22A7BC509F4272600FC9B21 /* g_weapon.c in Sources */,
				D22A7B9C09F426E700FC9B21 /* m_move.c in Sources */,
				D22A7B9209F426C900FC9B21 /* p_client.c in Sources */,
				D22A7B9309F426C900FC9B21 /* p_hud.c in Sources */,
				D22A7B9409F426C900FC9B21 /* p_trail.c in Sources */,
				D22A7B9509F426C900FC9B21 /* p_view.c in Sources */,
				D22A7B9609F426C900FC9B21 /* p_weapon.c in Sources */,
				D22A7B8C09F426AB00FC9B21 /* q_shared.c in Sources */,
			);
			runOnlyForDeploymentPostprocessing = 0;
		};
/* End PBXSourcesBuildPhase section */

/* Begin XCBuildConfiguration section */
		1DEB913B08733D840010E9CD /* Debug */ = {
			isa = XCBuildConfiguration;
			buildSettings = {
				COPY_PHASE_STRIP = NO;
				GCC_DYNAMIC_NO_PIC = NO;
				GCC_ENABLE_FIX_AND_CONTINUE = YES;
				GCC_MODEL_TUNING = G5;
				GCC_OPTIMIZATION_LEVEL = 0;
				GCC_PRECOMPILE_PREFIX_HEADER = NO;
				GCC_PREFIX_HEADER = "";
				GCC_PREPROCESSOR_DEFINITIONS = C_ONLY;
				INFOPLIST_FILE = Info.plist;
				INSTALL_PATH = "$(HOME)/Library/Bundles";
				PRECOMPS_INCLUDE_HEADERS_FROM_BUILT_PRODUCTS_DIR = NO;
				PRODUCT_NAME = GameMac;
				SDKROOT = /Developer/SDKs/MacOSX10.2.8.sdk;
				WRAPPER_EXTENSION = q2plug;
				ZERO_LINK = NO;
			};
			name = Debug;
		};
		1DEB913C08733D840010E9CD /* Release */ = {
			isa = XCBuildConfiguration;
			buildSettings = {
				ARCHS = (
					ppc,
					i386,
				);
				GCC_GENERATE_DEBUGGING_SYMBOLS = NO;
				GCC_MODEL_TUNING = G5;
				GCC_PRECOMPILE_PREFIX_HEADER = NO;
				GCC_PREFIX_HEADER = "";
				GCC_PREPROCESSOR_DEFINITIONS = C_ONLY;
				INFOPLIST_FILE = Info.plist;
				INSTALL_PATH = "$(HOME)/Library/Bundles";
				PRECOMPS_INCLUDE_HEADERS_FROM_BUILT_PRODUCTS_DIR = NO;
				PRODUCT_NAME = GameMac;
				SDKROOT = /Developer/SDKs/MacOSX10.4u.sdk;
				WRAPPER_EXTENSION = q2plug;
				ZERO_LINK = NO;
			};
			name = Release;
		};
		1DEB913F08733D840010E9CD /* Debug */ = {
			isa = XCBuildConfiguration;
			buildSettings = {
				GCC_VERSION_i386 = 4.0;
				GCC_VERSION_ppc = 3.3;
				GCC_WARN_ABOUT_RETURN_TYPE = YES;
				GCC_WARN_UNUSED_VARIABLE = YES;
				GENERATE_PKGINFO_FILE = YES;
				MACOSX_DEPLOYMENT_TARGET = 10.1;
				PREBINDING = NO;
				SDKROOT = /Developer/SDKs/MacOSX10.2.8.sdk;
			};
			name = Debug;
		};
		1DEB914008733D840010E9CD /* Release */ = {
			isa = XCBuildConfiguration;
			buildSettings = {
				GCC_VERSION_i386 = 4.0;
				GCC_VERSION_ppc = 3.3;
				GCC_WARN_ABOUT_RETURN_TYPE = YES;
				GCC_WARN_UNUSED_VARIABLE = YES;
				GENERATE_PKGINFO_FILE = YES;
				MACOSX_DEPLOYMENT_TARGET = 10.1;
				PREBINDING = NO;
				SDKROOT = /Developer/SDKs/MacOSX10.2.8.sdk;
			};
			name = Release;
		};
/* End XCBuildConfiguration section */

/* Begin XCConfigurationList section */
		1DEB913A08733D840010E9CD /* Build configuration list for PBXNativeTarget "ActionQuake2" */ = {
			isa = XCConfigurationList;
			buildConfigurations = (
				1DEB913B08733D840010E9CD /* Debug */,
				1DEB913C08733D840010E9CD /* Release */,
			);
			defaultConfigurationIsVisible = 0;
			defaultConfigurationName = Release;
		};
		1DEB913E08733D840010E9CD /* Build configuration list for PBXProject "ActionQuake2" */ = {
			isa = XCConfigurationList;
			buildConfigurations = (
				1DEB913F08733D840010E9CD /* Debug */,
				1DEB914008733D840010E9CD /* Release */,
			);
			defaultConfigurationIsVisible = 0;
			defaultConfigurationName = Release;
		};
/* End XCConfigurationList section */
	};
	rootObject = 089C1669FE841209C02AAC07 /* Project object */;
}
